
Microsoft Visual Studio Solution File, Format Version 12.00
# Visual Studio Version 16
VisualStudioVersion = 16.0.33328.57
MinimumVisualStudioVersion = 10.0.40219.1
Project("{FAE04EC0-301F-11D3-BF4B-00C04F79EFBC}") = "calcDistribuidora", "calcDistribuidora.csproj", "{02EECE22-A7E3-4C64-88E6-86A3AB84AE34}"
EndProject
Global
	GlobalSection(SolutionConfigurationPlatforms) = preSolution
		Debug|Any CPU = Debug|Any CPU
		Release|Any CPU = Release|Any CPU
	EndGlobalSection
	GlobalSection(ProjectConfigurationPlatforms) = postSolution
		{02EECE22-A7E3-4C64-88E6-86A3AB84AE34}.Debug|Any CPU.ActiveCfg = Debug|Any CPU
		{02EECE22-A7E3-4C64-88E6-86A3AB84AE34}.Debug|Any CPU.Build.0 = Debug|Any CPU
		{02EECE22-A7E3-4C64-88E6-86A3AB84AE34}.Release|Any CPU.ActiveCfg = Release|Any CPU
		{02EECE22-A7E3-4C64-88E6-86A3AB84AE34}.Release|Any CPU.Build.0 = Release|Any CPU
	EndGlobalSection
	GlobalSection(SolutionProperties) = preSolution
		HideSolutionNode = FALSE
	EndGlobalSection
	GlobalSection(ExtensibilityGlobals) = postSolution
		SolutionGuid = {8EF00F4C-35E9-4D1F-9044-A28286FB7924}
	EndGlobalSection
EndGlobal
